
Microsoft Visual Studio Solution File, Format Version 12.00
Project("{FAE04EC0-301F-11D3-BF4B-00C04F79EFBC}") = "Trivia", "Trivia\Trivia.csproj", "{16408F61-A579-4006-8744-85F5B750D89C}"
EndProject
Global
	GlobalSection(SolutionConfigurationPlatforms) = preSolution
		Debug|Any CPU = Debug|Any CPU
		Release|Any CPU = Release|Any CPU
	EndGlobalSection
	GlobalSection(ProjectConfigurationPlatforms) = postSolution
		{16408F61-A579-4006-8744-85F5B750D89C}.Debug|Any CPU.ActiveCfg = Debug|Any CPU
		{16408F61-A579-4006-8744-85F5B750D89C}.Debug|Any CPU.Build.0 = Debug|Any CPU
		{16408F61-A579-4006-8744-85F5B750D89C}.Release|Any CPU.ActiveCfg = Release|Any CPU
		{16408F61-A579-4006-8744-85F5B750D89C}.Release|Any CPU.Build.0 = Release|Any CPU
	EndGlobalSection
EndGlobal
